// !$*UTF8*$!
{
	archiveVersion = 1;
	classes = {
	};
	objectVersion = 51;
	objects = {

/* Begin PBXBuildFile section */
		61781F1B2CF52BB0C21B862E /* Pods_ShelterUbeApp.framework in Frameworks */ = {isa = PBXBuildFile; fileRef = D76532FFB3AE2435DD347E8C /* Pods_ShelterUbeApp.framework */; };
		DD0144AD2436FC3900434429 /* SelectConditionTableViewController.swift in Sources */ = {isa = PBXBuildFile; fileRef = DD0144AC2436FC3900434429 /* SelectConditionTableViewController.swift */; };
		DD0144AF24385B9700434429 /* ConditionType.swift in Sources */ = {isa = PBXBuildFile; fileRef = DD0144AE24385B9700434429 /* ConditionType.swift */; };
		DD0144B12439982200434429 /* SemiModalListViewController.swift in Sources */ = {isa = PBXBuildFile; fileRef = DD0144B02439982200434429 /* SemiModalListViewController.swift */; };
		DD0144B324399A8600434429 /* CustomFloatingPanelLayout.swift in Sources */ = {isa = PBXBuildFile; fileRef = DD0144B224399A8600434429 /* CustomFloatingPanelLayout.swift */; };
		DD201105241E865F001E489B /* AppDelegate.swift in Sources */ = {isa = PBXBuildFile; fileRef = DD201104241E865F001E489B /* AppDelegate.swift */; };
		DD201107241E865F001E489B /* SceneDelegate.swift in Sources */ = {isa = PBXBuildFile; fileRef = DD201106241E865F001E489B /* SceneDelegate.swift */; };
		DD201109241E865F001E489B /* MapViewController.swift in Sources */ = {isa = PBXBuildFile; fileRef = DD201108241E865F001E489B /* MapViewController.swift */; };
		DD20110E241E8661001E489B /* Assets.xcassets in Resources */ = {isa = PBXBuildFile; fileRef = DD20110D241E8661001E489B /* Assets.xcassets */; };
		DD20111C241E8DD3001E489B /* CoreLocation.framework in Frameworks */ = {isa = PBXBuildFile; fileRef = DD20111B241E8DD3001E489B /* CoreLocation.framework */; };
		DD20111E241E8DE5001E489B /* MapKit.framework in Frameworks */ = {isa = PBXBuildFile; fileRef = DD20111D241E8DE5001E489B /* MapKit.framework */; };
		DD201122241FB867001E489B /* Shelter.swift in Sources */ = {isa = PBXBuildFile; fileRef = DD201121241FB867001E489B /* Shelter.swift */; };
		DD20112C2421F1B1001E489B /* DetailsViewController.swift in Sources */ = {isa = PBXBuildFile; fileRef = DD20112B2421F1B1001E489B /* DetailsViewController.swift */; };
		DD20112E2421F1F9001E489B /* CustomPresentationController.swift in Sources */ = {isa = PBXBuildFile; fileRef = DD20112D2421F1F9001E489B /* CustomPresentationController.swift */; };
		DD850A0C242F909E00D2F326 /* ubehinanjyoic.xml in Resources */ = {isa = PBXBuildFile; fileRef = DD850A0B242F909E00D2F326 /* ubehinanjyoic.xml */; };
		DDE4409624324EB000522DE8 /* FetchShelter.swift in Sources */ = {isa = PBXBuildFile; fileRef = DDE4409524324EB000522DE8 /* FetchShelter.swift */; };
		DDE4409824325FF800522DE8 /* ShelterTableViewController.swift in Sources */ = {isa = PBXBuildFile; fileRef = DDE4409724325FF800522DE8 /* ShelterTableViewController.swift */; };
		DDE4409A2433178C00522DE8 /* ShelterTableViewCell.swift in Sources */ = {isa = PBXBuildFile; fileRef = DDE440992433178C00522DE8 /* ShelterTableViewCell.swift */; };
		DDE4409E2433815000522DE8 /* ShowShelterViewController.swift in Sources */ = {isa = PBXBuildFile; fileRef = DDE4409D2433815000522DE8 /* ShowShelterViewController.swift */; };
		DDE474372430F70500CCCE2E /* MainTabBarController.swift in Sources */ = {isa = PBXBuildFile; fileRef = DDE474362430F70500CCCE2E /* MainTabBarController.swift */; };
/* End PBXBuildFile section */

/* Begin PBXFileReference section */
		98FD0515B9020DF1A6D5DB38 /* Pods-ShelterUbeApp.release.xcconfig */ = {isa = PBXFileReference; includeInIndex = 1; lastKnownFileType = text.xcconfig; name = "Pods-ShelterUbeApp.release.xcconfig"; path = "Target Support Files/Pods-ShelterUbeApp/Pods-ShelterUbeApp.release.xcconfig"; sourceTree = "<group>"; };
		ACD13EA32DF6BEB87E32ACB2 /* Pods-ShelterUbeApp.debug.xcconfig */ = {isa = PBXFileReference; includeInIndex = 1; lastKnownFileType = text.xcconfig; name = "Pods-ShelterUbeApp.debug.xcconfig"; path = "Target Support Files/Pods-ShelterUbeApp/Pods-ShelterUbeApp.debug.xcconfig"; sourceTree = "<group>"; };
		D76532FFB3AE2435DD347E8C /* Pods_ShelterUbeApp.framework */ = {isa = PBXFileReference; explicitFileType = wrapper.framework; includeInIndex = 0; path = Pods_ShelterUbeApp.framework; sourceTree = BUILT_PRODUCTS_DIR; };
		DD0144AC2436FC3900434429 /* SelectConditionTableViewController.swift */ = {isa = PBXFileReference; lastKnownFileType = sourcecode.swift; path = SelectConditionTableViewController.swift; sourceTree = "<group>"; };
		DD0144AE24385B9700434429 /* ConditionType.swift */ = {isa = PBXFileReference; lastKnownFileType = sourcecode.swift; path = ConditionType.swift; sourceTree = "<group>"; };
		DD0144B02439982200434429 /* SemiModalListViewController.swift */ = {isa = PBXFileReference; lastKnownFileType = sourcecode.swift; path = SemiModalListViewController.swift; sourceTree = "<group>"; };
		DD0144B224399A8600434429 /* CustomFloatingPanelLayout.swift */ = {isa = PBXFileReference; lastKnownFileType = sourcecode.swift; path = CustomFloatingPanelLayout.swift; sourceTree = "<group>"; };
		DD201101241E865F001E489B /* ShelterUbeApp.app */ = {isa = PBXFileReference; explicitFileType = wrapper.application; includeInIndex = 0; path = ShelterUbeApp.app; sourceTree = BUILT_PRODUCTS_DIR; };
		DD201104241E865F001E489B /* AppDelegate.swift */ = {isa = PBXFileReference; lastKnownFileType = sourcecode.swift; path = AppDelegate.swift; sourceTree = "<group>"; };
		DD201106241E865F001E489B /* SceneDelegate.swift */ = {isa = PBXFileReference; lastKnownFileType = sourcecode.swift; path = SceneDelegate.swift; sourceTree = "<group>"; };
		DD201108241E865F001E489B /* MapViewController.swift */ = {isa = PBXFileReference; lastKnownFileType = sourcecode.swift; path = MapViewController.swift; sourceTree = "<group>"; };
		DD20110D241E8661001E489B /* Assets.xcassets */ = {isa = PBXFileReference; lastKnownFileType = folder.assetcatalog; path = Assets.xcassets; sourceTree = "<group>"; };
		DD201112241E8661001E489B /* Info.plist */ = {isa = PBXFileReference; lastKnownFileType = text.plist.xml; path = Info.plist; sourceTree = "<group>"; };
		DD20111B241E8DD3001E489B /* CoreLocation.framework */ = {isa = PBXFileReference; lastKnownFileType = wrapper.framework; name = CoreLocation.framework; path = System/Library/Frameworks/CoreLocation.framework; sourceTree = SDKROOT; };
		DD20111D241E8DE5001E489B /* MapKit.framework */ = {isa = PBXFileReference; lastKnownFileType = wrapper.framework; name = MapKit.framework; path = System/Library/Frameworks/MapKit.framework; sourceTree = SDKROOT; };
		DD201121241FB867001E489B /* Shelter.swift */ = {isa = PBXFileReference; lastKnownFileType = sourcecode.swift; path = Shelter.swift; sourceTree = "<group>"; };
		DD20112B2421F1B1001E489B /* DetailsViewController.swift */ = {isa = PBXFileReference; lastKnownFileType = sourcecode.swift; path = DetailsViewController.swift; sourceTree = "<group>"; };
		DD20112D2421F1F9001E489B /* CustomPresentationController.swift */ = {isa = PBXFileReference; lastKnownFileType = sourcecode.swift; path = CustomPresentationController.swift; sourceTree = "<group>"; };
		DD850A0B242F909E00D2F326 /* ubehinanjyoic.xml */ = {isa = PBXFileReference; fileEncoding = 4; lastKnownFileType = text.xml; path = ubehinanjyoic.xml; sourceTree = "<group>"; };
		DDE4409524324EB000522DE8 /* FetchShelter.swift */ = {isa = PBXFileReference; lastKnownFileType = sourcecode.swift; path = FetchShelter.swift; sourceTree = "<group>"; };
		DDE4409724325FF800522DE8 /* ShelterTableViewController.swift */ = {isa = PBXFileReference; lastKnownFileType = sourcecode.swift; path = ShelterTableViewController.swift; sourceTree = "<group>"; };
		DDE440992433178C00522DE8 /* ShelterTableViewCell.swift */ = {isa = PBXFileReference; lastKnownFileType = sourcecode.swift; path = ShelterTableViewCell.swift; sourceTree = "<group>"; };
		DDE4409D2433815000522DE8 /* ShowShelterViewController.swift */ = {isa = PBXFileReference; lastKnownFileType = sourcecode.swift; path = ShowShelterViewController.swift; sourceTree = "<group>"; };
		DDE474362430F70500CCCE2E /* MainTabBarController.swift */ = {isa = PBXFileReference; lastKnownFileType = sourcecode.swift; path = MainTabBarController.swift; sourceTree = "<group>"; };
/* End PBXFileReference section */

/* Begin PBXFrameworksBuildPhase section */
		DD2010FE241E865F001E489B /* Frameworks */ = {
			isa = PBXFrameworksBuildPhase;
			buildActionMask = 2147483647;
			files = (
				DD20111E241E8DE5001E489B /* MapKit.framework in Frameworks */,
				DD20111C241E8DD3001E489B /* CoreLocation.framework in Frameworks */,
				61781F1B2CF52BB0C21B862E /* Pods_ShelterUbeApp.framework in Frameworks */,
			);
			runOnlyForDeploymentPostprocessing = 0;
		};
/* End PBXFrameworksBuildPhase section */

/* Begin PBXGroup section */
		248F6C7CE3E3E30230691A52 /* Pods */ = {
			isa = PBXGroup;
			children = (
				ACD13EA32DF6BEB87E32ACB2 /* Pods-ShelterUbeApp.debug.xcconfig */,
				98FD0515B9020DF1A6D5DB38 /* Pods-ShelterUbeApp.release.xcconfig */,
			);
			path = Pods;
			sourceTree = "<group>";
		};
		DD2010F8241E865F001E489B = {
			isa = PBXGroup;
			children = (
				DD201103241E865F001E489B /* ShelterUbeApp */,
				DD201102241E865F001E489B /* Products */,
				DD20111A241E8DD3001E489B /* Frameworks */,
				248F6C7CE3E3E30230691A52 /* Pods */,
			);
			sourceTree = "<group>";
		};
		DD201102241E865F001E489B /* Products */ = {
			isa = PBXGroup;
			children = (
				DD201101241E865F001E489B /* ShelterUbeApp.app */,
			);
			name = Products;
			sourceTree = "<group>";
		};
		DD201103241E865F001E489B /* ShelterUbeApp */ = {
			isa = PBXGroup;
			children = (
				DD201104241E865F001E489B /* AppDelegate.swift */,
				DD201106241E865F001E489B /* SceneDelegate.swift */,
				DDE474362430F70500CCCE2E /* MainTabBarController.swift */,
				DD201108241E865F001E489B /* MapViewController.swift */,
				DD0144B02439982200434429 /* SemiModalListViewController.swift */,
				DDE4409724325FF800522DE8 /* ShelterTableViewController.swift */,
				DDE440992433178C00522DE8 /* ShelterTableViewCell.swift */,
				DD0144AC2436FC3900434429 /* SelectConditionTableViewController.swift */,
				DDE4409D2433815000522DE8 /* ShowShelterViewController.swift */,
				DD20112B2421F1B1001E489B /* DetailsViewController.swift */,
				DD20112D2421F1F9001E489B /* CustomPresentationController.swift */,
				DD201121241FB867001E489B /* Shelter.swift */,
				DDE4409524324EB000522DE8 /* FetchShelter.swift */,
				DD0144AE24385B9700434429 /* ConditionType.swift */,
				DD0144B224399A8600434429 /* CustomFloatingPanelLayout.swift */,
				DD20110D241E8661001E489B /* Assets.xcassets */,
				DD850A0B242F909E00D2F326 /* ubehinanjyoic.xml */,
				DD201112241E8661001E489B /* Info.plist */,
			);
			path = ShelterUbeApp;
			sourceTree = "<group>";
		};
		DD20111A241E8DD3001E489B /* Frameworks */ = {
			isa = PBXGroup;
			children = (
				DD20111D241E8DE5001E489B /* MapKit.framework */,
				DD20111B241E8DD3001E489B /* CoreLocation.framework */,
				D76532FFB3AE2435DD347E8C /* Pods_ShelterUbeApp.framework */,
			);
			name = Frameworks;
			sourceTree = "<group>";
		};
/* End PBXGroup section */

/* Begin PBXNativeTarget section */
		DD201100241E865F001E489B /* ShelterUbeApp */ = {
			isa = PBXNativeTarget;
			buildConfigurationList = DD201115241E8661001E489B /* Build configuration list for PBXNativeTarget "ShelterUbeApp" */;
			buildPhases = (
				A2D6BD0A9CEF3159178557E9 /* [CP] Check Pods Manifest.lock */,
				DD2010FD241E865F001E489B /* Sources */,
				DD2010FE241E865F001E489B /* Frameworks */,
				DD2010FF241E865F001E489B /* Resources */,
				9A6F49D17E87C97901A8EE1C /* [CP] Embed Pods Frameworks */,
			);
			buildRules = (
			);
			dependencies = (
			);
			name = ShelterUbeApp;
			productName = ShelterUbeApp;
			productReference = DD201101241E865F001E489B /* ShelterUbeApp.app */;
			productType = "com.apple.product-type.application";
		};
/* End PBXNativeTarget section */

/* Begin PBXProject section */
		DD2010F9241E865F001E489B /* Project object */ = {
			isa = PBXProject;
			attributes = {
				LastSwiftUpdateCheck = 1130;
				LastUpgradeCheck = 1130;
				ORGANIZATIONNAME = "Masaki Murakami";
				TargetAttributes = {
					DD201100241E865F001E489B = {
						CreatedOnToolsVersion = 11.3.1;
					};
				};
			};
			buildConfigurationList = DD2010FC241E865F001E489B /* Build configuration list for PBXProject "ShelterUbeApp" */;
			compatibilityVersion = "Xcode 9.3";
			developmentRegion = en;
			hasScannedForEncodings = 0;
			knownRegions = (
				en,
				Base,
			);
			mainGroup = DD2010F8241E865F001E489B;
			productRefGroup = DD201102241E865F001E489B /* Products */;
			projectDirPath = "";
			projectRoot = "";
			targets = (
				DD201100241E865F001E489B /* ShelterUbeApp */,
			);
		};
/* End PBXProject section */

/* Begin PBXResourcesBuildPhase section */
		DD2010FF241E865F001E489B /* Resources */ = {
			isa = PBXResourcesBuildPhase;
			buildActionMask = 2147483647;
			files = (
				DD850A0C242F909E00D2F326 /* ubehinanjyoic.xml in Resources */,
				DD20110E241E8661001E489B /* Assets.xcassets in Resources */,
			);
			runOnlyForDeploymentPostprocessing = 0;
		};
/* End PBXResourcesBuildPhase section */

/* Begin PBXShellScriptBuildPhase section */
		9A6F49D17E87C97901A8EE1C /* [CP] Embed Pods Frameworks */ = {
			isa = PBXShellScriptBuildPhase;
			buildActionMask = 2147483647;
			files = (
			);
			inputFileListPaths = (
				"${PODS_ROOT}/Target Support Files/Pods-ShelterUbeApp/Pods-ShelterUbeApp-frameworks-${CONFIGURATION}-input-files.xcfilelist",
			);
			name = "[CP] Embed Pods Frameworks";
			outputFileListPaths = (
				"${PODS_ROOT}/Target Support Files/Pods-ShelterUbeApp/Pods-ShelterUbeApp-frameworks-${CONFIGURATION}-output-files.xcfilelist",
			);
			runOnlyForDeploymentPostprocessing = 0;
			shellPath = /bin/sh;
			shellScript = "\"${PODS_ROOT}/Target Support Files/Pods-ShelterUbeApp/Pods-ShelterUbeApp-frameworks.sh\"\n";
			showEnvVarsInLog = 0;
		};
		A2D6BD0A9CEF3159178557E9 /* [CP] Check Pods Manifest.lock */ = {
			isa = PBXShellScriptBuildPhase;
			buildActionMask = 2147483647;
			files = (
			);
			inputFileListPaths = (
			);
			inputPaths = (
				"${PODS_PODFILE_DIR_PATH}/Podfile.lock",
				"${PODS_ROOT}/Manifest.lock",
			);
			name = "[CP] Check Pods Manifest.lock";
			outputFileListPaths = (
			);
			outputPaths = (
				"$(DERIVED_FILE_DIR)/Pods-ShelterUbeApp-checkManifestLockResult.txt",
			);
			runOnlyForDeploymentPostprocessing = 0;
			shellPath = /bin/sh;
			shellScript = "diff \"${PODS_PODFILE_DIR_PATH}/Podfile.lock\" \"${PODS_ROOT}/Manifest.lock\" > /dev/null\nif [ $? != 0 ] ; then\n    # print error to STDERR\n    echo \"error: The sandbox is not in sync with the Podfile.lock. Run 'pod install' or update your CocoaPods installation.\" >&2\n    exit 1\nfi\n# This output is used by Xcode 'outputs' to avoid re-running this script phase.\necho \"SUCCESS\" > \"${SCRIPT_OUTPUT_FILE_0}\"\n";
			showEnvVarsInLog = 0;
		};
/* End PBXShellScriptBuildPhase section */

/* Begin PBXSourcesBuildPhase section */
		DD2010FD241E865F001E489B /* Sources */ = {
			isa = PBXSourcesBuildPhase;
			buildActionMask = 2147483647;
			files = (
				DDE4409E2433815000522DE8 /* ShowShelterViewController.swift in Sources */,
				DD0144AF24385B9700434429 /* ConditionType.swift in Sources */,
				DD201109241E865F001E489B /* MapViewController.swift in Sources */,
				DD201122241FB867001E489B /* Shelter.swift in Sources */,
				DDE4409824325FF800522DE8 /* ShelterTableViewController.swift in Sources */,
				DD0144AD2436FC3900434429 /* SelectConditionTableViewController.swift in Sources */,
				DD201105241E865F001E489B /* AppDelegate.swift in Sources */,
				DDE474372430F70500CCCE2E /* MainTabBarController.swift in Sources */,
				DD20112E2421F1F9001E489B /* CustomPresentationController.swift in Sources */,
				DD201107241E865F001E489B /* SceneDelegate.swift in Sources */,
				DDE4409624324EB000522DE8 /* FetchShelter.swift in Sources */,
				DD0144B324399A8600434429 /* CustomFloatingPanelLayout.swift in Sources */,
				DD20112C2421F1B1001E489B /* DetailsViewController.swift in Sources */,
				DD0144B12439982200434429 /* SemiModalListViewController.swift in Sources */,
				DDE4409A2433178C00522DE8 /* ShelterTableViewCell.swift in Sources */,
			);
			runOnlyForDeploymentPostprocessing = 0;
		};
/* End PBXSourcesBuildPhase section */

/* Begin XCBuildConfiguration section */
		DD201113241E8661001E489B /* Debug */ = {
			isa = XCBuildConfiguration;
			buildSettings = {
				ALWAYS_SEARCH_USER_PATHS = NO;
				CLANG_ANALYZER_NONNULL = YES;
				CLANG_ANALYZER_NUMBER_OBJECT_CONVERSION = YES_AGGRESSIVE;
				CLANG_CXX_LANGUAGE_STANDARD = "gnu++14";
				CLANG_CXX_LIBRARY = "libc++";
				CLANG_ENABLE_MODULES = YES;
				CLANG_ENABLE_OBJC_ARC = YES;
				CLANG_ENABLE_OBJC_WEAK = YES;
				CLANG_WARN_BLOCK_CAPTURE_AUTORELEASING = YES;
				CLANG_WARN_BOOL_CONVERSION = YES;
				CLANG_WARN_COMMA = YES;
				CLANG_WARN_CONSTANT_CONVERSION = YES;
				CLANG_WARN_DEPRECATED_OBJC_IMPLEMENTATIONS = YES;
				CLANG_WARN_DIRECT_OBJC_ISA_USAGE = YES_ERROR;
				CLANG_WARN_DOCUMENTATION_COMMENTS = YES;
				CLANG_WARN_EMPTY_BODY = YES;
				CLANG_WARN_ENUM_CONVERSION = YES;
				CLANG_WARN_INFINITE_RECURSION = YES;
				CLANG_WARN_INT_CONVERSION = YES;
				CLANG_WARN_NON_LITERAL_NULL_CONVERSION = YES;
				CLANG_WARN_OBJC_IMPLICIT_RETAIN_SELF = YES;
				CLANG_WARN_OBJC_LITERAL_CONVERSION = YES;
				CLANG_WARN_OBJC_ROOT_CLASS = YES_ERROR;
				CLANG_WARN_RANGE_LOOP_ANALYSIS = YES;
				CLANG_WARN_STRICT_PROTOTYPES = YES;
				CLANG_WARN_SUSPICIOUS_MOVE = YES;
				CLANG_WARN_UNGUARDED_AVAILABILITY = YES_AGGRESSIVE;
				CLANG_WARN_UNREACHABLE_CODE = YES;
				CLANG_WARN__DUPLICATE_METHOD_MATCH = YES;
				COPY_PHASE_STRIP = NO;
				DEBUG_INFORMATION_FORMAT = dwarf;
				ENABLE_STRICT_OBJC_MSGSEND = YES;
				ENABLE_TESTABILITY = YES;
				GCC_C_LANGUAGE_STANDARD = gnu11;
				GCC_DYNAMIC_NO_PIC = NO;
				GCC_NO_COMMON_BLOCKS = YES;
				GCC_OPTIMIZATION_LEVEL = 0;
				GCC_PREPROCESSOR_DEFINITIONS = (
					"DEBUG=1",
					"$(inherited)",
				);
				GCC_WARN_64_TO_32_BIT_CONVERSION = YES;
				GCC_WARN_ABOUT_RETURN_TYPE = YES_ERROR;
				GCC_WARN_UNDECLARED_SELECTOR = YES;
				GCC_WARN_UNINITIALIZED_AUTOS = YES_AGGRESSIVE;
				GCC_WARN_UNUSED_FUNCTION = YES;
				GCC_WARN_UNUSED_VARIABLE = YES;
				IPHONEOS_DEPLOYMENT_TARGET = 13.2;
				MTL_ENABLE_DEBUG_INFO = INCLUDE_SOURCE;
				MTL_FAST_MATH = YES;
				ONLY_ACTIVE_ARCH = YES;
				SDKROOT = iphoneos;
				SWIFT_ACTIVE_COMPILATION_CONDITIONS = DEBUG;
				SWIFT_OPTIMIZATION_LEVEL = "-Onone";
			};
			name = Debug;
		};
		DD201114241E8661001E489B /* Release */ = {
			isa = XCBuildConfiguration;
			buildSettings = {
				ALWAYS_SEARCH_USER_PATHS = NO;
				CLANG_ANALYZER_NONNULL = YES;
				CLANG_ANALYZER_NUMBER_OBJECT_CONVERSION = YES_AGGRESSIVE;
				CLANG_CXX_LANGUAGE_STANDARD = "gnu++14";
				CLANG_CXX_LIBRARY = "libc++";
				CLANG_ENABLE_MODULES = YES;
				CLANG_ENABLE_OBJC_ARC = YES;
				CLANG_ENABLE_OBJC_WEAK = YES;
				CLANG_WARN_BLOCK_CAPTURE_AUTORELEASING = YES;
				CLANG_WARN_BOOL_CONVERSION = YES;
				CLANG_WARN_COMMA = YES;
				CLANG_WARN_CONSTANT_CONVERSION = YES;
				CLANG_WARN_DEPRECATED_OBJC_IMPLEMENTATIONS = YES;
				CLANG_WARN_DIRECT_OBJC_ISA_USAGE = YES_ERROR;
				CLANG_WARN_DOCUMENTATION_COMMENTS = YES;
				CLANG_WARN_EMPTY_BODY = YES;
				CLANG_WARN_ENUM_CONVERSION = YES;
				CLANG_WARN_INFINITE_RECURSION = YES;
				CLANG_WARN_INT_CONVERSION = YES;
				CLANG_WARN_NON_LITERAL_NULL_CONVERSION = YES;
				CLANG_WARN_OBJC_IMPLICIT_RETAIN_SELF = YES;
				CLANG_WARN_OBJC_LITERAL_CONVERSION = YES;
				CLANG_WARN_OBJC_ROOT_CLASS = YES_ERROR;
				CLANG_WARN_RANGE_LOOP_ANALYSIS = YES;
				CLANG_WARN_STRICT_PROTOTYPES = YES;
				CLANG_WARN_SUSPICIOUS_MOVE = YES;
				CLANG_WARN_UNGUARDED_AVAILABILITY = YES_AGGRESSIVE;
				CLANG_WARN_UNREACHABLE_CODE = YES;
				CLANG_WARN__DUPLICATE_METHOD_MATCH = YES;
				COPY_PHASE_STRIP = NO;
				DEBUG_INFORMATION_FORMAT = "dwarf-with-dsym";
				ENABLE_NS_ASSERTIONS = NO;
				ENABLE_STRICT_OBJC_MSGSEND = YES;
				GCC_C_LANGUAGE_STANDARD = gnu11;
				GCC_NO_COMMON_BLOCKS = YES;
				GCC_WARN_64_TO_32_BIT_CONVERSION = YES;
				GCC_WARN_ABOUT_RETURN_TYPE = YES_ERROR;
				GCC_WARN_UNDECLARED_SELECTOR = YES;
				GCC_WARN_UNINITIALIZED_AUTOS = YES_AGGRESSIVE;
				GCC_WARN_UNUSED_FUNCTION = YES;
				GCC_WARN_UNUSED_VARIABLE = YES;
				IPHONEOS_DEPLOYMENT_TARGET = 13.2;
				MTL_ENABLE_DEBUG_INFO = NO;
				MTL_FAST_MATH = YES;
				SDKROOT = iphoneos;
				SWIFT_COMPILATION_MODE = wholemodule;
				SWIFT_OPTIMIZATION_LEVEL = "-O";
				VALIDATE_PRODUCT = YES;
			};
			name = Release;
		};
		DD201116241E8661001E489B /* Debug */ = {
			isa = XCBuildConfiguration;
			baseConfigurationReference = ACD13EA32DF6BEB87E32ACB2 /* Pods-ShelterUbeApp.debug.xcconfig */;
			buildSettings = {
				ASSETCATALOG_COMPILER_APPICON_NAME = AppIcon;
				CODE_SIGN_STYLE = Automatic;
				DEVELOPMENT_TEAM = EEHY369BTU;
				INFOPLIST_FILE = ShelterUbeApp/Info.plist;
				LD_RUNPATH_SEARCH_PATHS = (
					"$(inherited)",
					"@executable_path/Frameworks",
				);
				PRODUCT_BUNDLE_IDENTIFIER = com.masaki.ShelterUbeApp;
				PRODUCT_NAME = "$(TARGET_NAME)";
				SWIFT_VERSION = 5.0;
				TARGETED_DEVICE_FAMILY = "1,2";
			};
			name = Debug;
		};
		DD201117241E8661001E489B /* Release */ = {
			isa = XCBuildConfiguration;
			baseConfigurationReference = 98FD0515B9020DF1A6D5DB38 /* Pods-ShelterUbeApp.release.xcconfig */;
			buildSettings = {
				ASSETCATALOG_COMPILER_APPICON_NAME = AppIcon;
				CODE_SIGN_STYLE = Automatic;
				DEVELOPMENT_TEAM = EEHY369BTU;
				INFOPLIST_FILE = ShelterUbeApp/Info.plist;
				LD_RUNPATH_SEARCH_PATHS = (
					"$(inherited)",
					"@executable_path/Frameworks",
				);
				PRODUCT_BUNDLE_IDENTIFIER = com.masaki.ShelterUbeApp;
				PRODUCT_NAME = "$(TARGET_NAME)";
				SWIFT_VERSION = 5.0;
				TARGETED_DEVICE_FAMILY = "1,2";
			};
			name = Release;
		};
/* End XCBuildConfiguration section */

/* Begin XCConfigurationList section */
		DD2010FC241E865F001E489B /* Build configuration list for PBXProject "ShelterUbeApp" */ = {
			isa = XCConfigurationList;
			buildConfigurations = (
				DD201113241E8661001E489B /* Debug */,
				DD201114241E8661001E489B /* Release */,
			);
			defaultConfigurationIsVisible = 0;
			defaultConfigurationName = Release;
		};
		DD201115241E8661001E489B /* Build configuration list for PBXNativeTarget "ShelterUbeApp" */ = {
			isa = XCConfigurationList;
			buildConfigurations = (
				DD201116241E8661001E489B /* Debug */,
				DD201117241E8661001E489B /* Release */,
			);
			defaultConfigurationIsVisible = 0;
			defaultConfigurationName = Release;
		};
/* End XCConfigurationList section */
	};
	rootObject = DD2010F9241E865F001E489B /* Project object */;
}
